
Microsoft Visual Studio Solution File, Format Version 12.00
# Visual Studio Version 16
VisualStudioVersion = 16.0.31624.102
MinimumVisualStudioVersion = 10.0.40219.1
Project("{FAE04EC0-301F-11D3-BF4B-00C04F79EFBC}") = "MvvmGuia.Android", "MvvmGuia\MvvmGuia.Android\MvvmGuia.Android.csproj", "{D5366ED7-746B-4398-B8FD-AC3C23D3D7C9}"
EndProject
Project("{FAE04EC0-301F-11D3-BF4B-00C04F79EFBC}") = "MvvmGuia.iOS", "MvvmGuia\MvvmGuia.iOS\MvvmGuia.iOS.csproj", "{C4A3A9AE-DE9A-4D68-AA7F-1C34833E2D72}"
EndProject
Project("{FAE04EC0-301F-11D3-BF4B-00C04F79EFBC}") = "MvvmGuia", "MvvmGuia\MvvmGuia\MvvmGuia.csproj", "{77F989AC-ADBF-4ED3-B9A9-C3D81FEFD9E3}"
EndProject
Global
	GlobalSection(SolutionConfigurationPlatforms) = preSolution
		Debug|Any CPU = Debug|Any CPU
		Debug|iPhone = Debug|iPhone
		Debug|iPhoneSimulator = Debug|iPhoneSimulator
		Release|Any CPU = Release|Any CPU
		Release|iPhone = Release|iPhone
		Release|iPhoneSimulator = Release|iPhoneSimulator
	EndGlobalSection
	GlobalSection(ProjectConfigurationPlatforms) = postSolution
		{D5366ED7-746B-4398-B8FD-AC3C23D3D7C9}.Debug|Any CPU.ActiveCfg = Debug|Any CPU
		{D5366ED7-746B-4398-B8FD-AC3C23D3D7C9}.Debug|Any CPU.Build.0 = Debug|Any CPU
		{D5366ED7-746B-4398-B8FD-AC3C23D3D7C9}.Debug|Any CPU.Deploy.0 = Debug|Any CPU
		{D5366ED7-746B-4398-B8FD-AC3C23D3D7C9}.Debug|iPhone.ActiveCfg = Debug|Any CPU
		{D5366ED7-746B-4398-B8FD-AC3C23D3D7C9}.Debug|iPhone.Build.0 = Debug|Any CPU
		{D5366ED7-746B-4398-B8FD-AC3C23D3D7C9}.Debug|iPhone.Deploy.0 = Debug|Any CPU
		{D5366ED7-746B-4398-B8FD-AC3C23D3D7C9}.Debug|iPhoneSimulator.ActiveCfg = Debug|Any CPU
		{D5366ED7-746B-4398-B8FD-AC3C23D3D7C9}.Debug|iPhoneSimulator.Build.0 = Debug|Any CPU
		{D5366ED7-746B-4398-B8FD-AC3C23D3D7C9}.Debug|iPhoneSimulator.Deploy.0 = Debug|Any CPU
		{D5366ED7-746B-4398-B8FD-AC3C23D3D7C9}.Release|Any CPU.ActiveCfg = Release|Any CPU
		{D5366ED7-746B-4398-B8FD-AC3C23D3D7C9}.Release|Any CPU.Build.0 = Release|Any CPU
		{D5366ED7-746B-4398-B8FD-AC3C23D3D7C9}.Release|Any CPU.Deploy.0 = Release|Any CPU
		{D5366ED7-746B-4398-B8FD-AC3C23D3D7C9}.Release|iPhone.ActiveCfg = Release|Any CPU
		{D5366ED7-746B-4398-B8FD-AC3C23D3D7C9}.Release|iPhone.Build.0 = Release|Any CPU
		{D5366ED7-746B-4398-B8FD-AC3C23D3D7C9}.Release|iPhone.Deploy.0 = Release|Any CPU
		{D5366ED7-746B-4398-B8FD-AC3C23D3D7C9}.Release|iPhoneSimulator.ActiveCfg = Release|Any CPU
		{D5366ED7-746B-4398-B8FD-AC3C23D3D7C9}.Release|iPhoneSimulator.Build.0 = Release|Any CPU
		{D5366ED7-746B-4398-B8FD-AC3C23D3D7C9}.Release|iPhoneSimulator.Deploy.0 = Release|Any CPU
		{C4A3A9AE-DE9A-4D68-AA7F-1C34833E2D72}.Debug|Any CPU.ActiveCfg = Debug|iPhone
		{C4A3A9AE-DE9A-4D68-AA7F-1C34833E2D72}.Debug|Any CPU.Build.0 = Debug|iPhone
		{C4A3A9AE-DE9A-4D68-AA7F-1C34833E2D72}.Debug|Any CPU.Deploy.0 = Debug|iPhone
		{C4A3A9AE-DE9A-4D68-AA7F-1C34833E2D72}.Debug|iPhone.ActiveCfg = Debug|iPhone
		{C4A3A9AE-DE9A-4D68-AA7F-1C34833E2D72}.Debug|iPhone.Build.0 = Debug|iPhone
		{C4A3A9AE-DE9A-4D68-AA7F-1C34833E2D72}.Debug|iPhone.Deploy.0 = Debug|iPhone
		{C4A3A9AE-DE9A-4D68-AA7F-1C34833E2D72}.Debug|iPhoneSimulator.ActiveCfg = Debug|iPhoneSimulator
		{C4A3A9AE-DE9A-4D68-AA7F-1C34833E2D72}.Debug|iPhoneSimulator.Build.0 = Debug|iPhoneSimulator
		{C4A3A9AE-DE9A-4D68-AA7F-1C34833E2D72}.Debug|iPhoneSimulator.Deploy.0 = Debug|iPhoneSimulator
		{C4A3A9AE-DE9A-4D68-AA7F-1C34833E2D72}.Release|Any CPU.ActiveCfg = Release|iPhoneSimulator
		{C4A3A9AE-DE9A-4D68-AA7F-1C34833E2D72}.Release|Any CPU.Build.0 = Release|iPhoneSimulator
		{C4A3A9AE-DE9A-4D68-AA7F-1C34833E2D72}.Release|Any CPU.Deploy.0 = Release|iPhoneSimulator
		{C4A3A9AE-DE9A-4D68-AA7F-1C34833E2D72}.Release|iPhone.ActiveCfg = Release|iPhone
		{C4A3A9AE-DE9A-4D68-AA7F-1C34833E2D72}.Release|iPhone.Build.0 = Release|iPhone
		{C4A3A9AE-DE9A-4D68-AA7F-1C34833E2D72}.Release|iPhone.Deploy.0 = Release|iPhone
		{C4A3A9AE-DE9A-4D68-AA7F-1C34833E2D72}.Release|iPhoneSimulator.ActiveCfg = Release|iPhoneSimulator
		{C4A3A9AE-DE9A-4D68-AA7F-1C34833E2D72}.Release|iPhoneSimulator.Build.0 = Release|iPhoneSimulator
		{C4A3A9AE-DE9A-4D68-AA7F-1C34833E2D72}.Release|iPhoneSimulator.Deploy.0 = Release|iPhoneSimulator
		{77F989AC-ADBF-4ED3-B9A9-C3D81FEFD9E3}.Debug|Any CPU.ActiveCfg = Debug|Any CPU
		{77F989AC-ADBF-4ED3-B9A9-C3D81FEFD9E3}.Debug|Any CPU.Build.0 = Debug|Any CPU
		{77F989AC-ADBF-4ED3-B9A9-C3D81FEFD9E3}.Debug|Any CPU.Deploy.0 = Debug|Any CPU
		{77F989AC-ADBF-4ED3-B9A9-C3D81FEFD9E3}.Debug|iPhone.ActiveCfg = Debug|Any CPU
		{77F989AC-ADBF-4ED3-B9A9-C3D81FEFD9E3}.Debug|iPhone.Build.0 = Debug|Any CPU
		{77F989AC-ADBF-4ED3-B9A9-C3D81FEFD9E3}.Debug|iPhone.Deploy.0 = Debug|Any CPU
		{77F989AC-ADBF-4ED3-B9A9-C3D81FEFD9E3}.Debug|iPhoneSimulator.ActiveCfg = Debug|Any CPU
		{77F989AC-ADBF-4ED3-B9A9-C3D81FEFD9E3}.Debug|iPhoneSimulator.Build.0 = Debug|Any CPU
		{77F989AC-ADBF-4ED3-B9A9-C3D81FEFD9E3}.Debug|iPhoneSimulator.Deploy.0 = Debug|Any CPU
		{77F989AC-ADBF-4ED3-B9A9-C3D81FEFD9E3}.Release|Any CPU.ActiveCfg = Release|Any CPU
		{77F989AC-ADBF-4ED3-B9A9-C3D81FEFD9E3}.Release|Any CPU.Build.0 = Release|Any CPU
		{77F989AC-ADBF-4ED3-B9A9-C3D81FEFD9E3}.Release|Any CPU.Deploy.0 = Release|Any CPU
		{77F989AC-ADBF-4ED3-B9A9-C3D81FEFD9E3}.Release|iPhone.ActiveCfg = Release|Any CPU
		{77F989AC-ADBF-4ED3-B9A9-C3D81FEFD9E3}.Release|iPhone.Build.0 = Release|Any CPU
		{77F989AC-ADBF-4ED3-B9A9-C3D81FEFD9E3}.Release|iPhone.Deploy.0 = Release|Any CPU
		{77F989AC-ADBF-4ED3-B9A9-C3D81FEFD9E3}.Release|iPhoneSimulator.ActiveCfg = Release|Any CPU
		{77F989AC-ADBF-4ED3-B9A9-C3D81FEFD9E3}.Release|iPhoneSimulator.Build.0 = Release|Any CPU
		{77F989AC-ADBF-4ED3-B9A9-C3D81FEFD9E3}.Release|iPhoneSimulator.Deploy.0 = Release|Any CPU
	EndGlobalSection
	GlobalSection(SolutionProperties) = preSolution
		HideSolutionNode = FALSE
	EndGlobalSection
	GlobalSection(ExtensibilityGlobals) = postSolution
		SolutionGuid = {086D545B-49CE-4EA1-A974-9224671104C4}
	EndGlobalSection
EndGlobal
